<?xml version="1.0" encoding="utf-8"?>
<Project ToolsVersion="4.0" xmlns="http://schemas.microsoft.com/developer/msbuild/2003">
  <ItemGroup>
    <Filter Include="Source Files">
      <UniqueIdentifier>{4FC737F1-C7A5-4376-A066-2A32D752A2FF}</UniqueIdentifier>
      <Extensions>cpp;c;cc;cxx;c++;cppm;ixx;def;odl;idl;hpj;bat;asm;asmx</Extensions>
    </Filter>
    <Filter Include="Header Files">
      <UniqueIdentifier>{93995380-89BD-4b04-88EB-625FBE52EBFB}</UniqueIdentifier>
      <Extensions>h;hh;hpp;hxx;h++;hm;inl;inc;ipp;xsd</Extensions>
    </Filter>
    <Filter Include="Resource Files">
      <UniqueIdentifier>{67DA6AB6-F800-4c08-8B7A-83BB121AAD01}</UniqueIdentifier>
      <Extensions>rc;ico;cur;bmp;dlg;rc2;rct;bin;rgs;gif;jpg;jpeg;jpe;resx;tiff;tif;png;wav;mfcribbon-ms</Extensions>
    </Filter>
    <Filter Include="Source Files\CLI">
      <UniqueIdentifier>{4d2661b6-4806-49e3-a7d9-8fc0cdfd049f}</UniqueIdentifier>
    </Filter>
    <Filter Include="Header Files\CLI">
      <UniqueIdentifier>{19d30eca-9493-40d5-8d63-333597fa3d46}</UniqueIdentifier>
    </Filter>
    <Filter Include="Source Files\strats">
      <UniqueIdentifier>{a6cdd151-8096-492f-9be0-f6b4b4145224}</UniqueIdentifier>
    </Filter>
    <Filter Include="Header Files\strats">
      <UniqueIdentifier>{b8900326-33e0-4f71-ab58-2e6a8a7c4691}</UniqueIdentifier>
    </Filter>
  </ItemGroup>
  <ItemGroup>
    <ClCompile Include="cli\cli.cpp">
      <Filter>Source Files\CLI</Filter>
    </ClCompile>
    <ClCompile Include="main.cpp">
      <Filter>Source Files</Filter>
    </ClCompile>
    <ClCompile Include="cli\cli-formatting.cpp">
      <Filter>Source Files\CLI</Filter>
    </ClCompile>
    <ClCompile Include="game.cpp">
      <Filter>Source Files</Filter>
    </ClCompile>
    <ClCompile Include="strats\strats.cpp">
      <Filter>Source Files\strats</Filter>
    </ClCompile>
  </ItemGroup>
  <ItemGroup>
    <None Include="..\.clang-format" />
    <None Include="..\.editorconfig" />
  </ItemGroup>
  <ItemGroup>
    <ClInclude Include="cli\cli.hpp">
      <Filter>Header Files\CLI</Filter>
    </ClInclude>
    <ClInclude Include="strats\strategy.hpp">
      <Filter>Header Files\strats</Filter>
    </ClInclude>
    <ClInclude Include="strats\allc.hpp">
      <Filter>Header Files\strats</Filter>
    </ClInclude>
    <ClInclude Include="game.hpp">
      <Filter>Header Files</Filter>
    </ClInclude>
    <ClInclude Include="strats\alld.hpp">
      <Filter>Header Files\strats</Filter>
    </ClInclude>
    <ClInclude Include="strats\tft.hpp">
      <Filter>Header Files\strats</Filter>
    </ClInclude>
    <ClInclude Include="strats\grim.hpp">
      <Filter>Header Files\strats</Filter>
    </ClInclude>
  </ItemGroup>
</Project>